
Microsoft Visual Studio Solution File, Format Version 12.00
# Visual Studio 14
VisualStudioVersion = 14.0.25420.1
MinimumVisualStudioVersion = 10.0.40219.1
Project("{FAE04EC0-301F-11D3-BF4B-00C04F79EFBC}") = "ProyectoLibreria", "ProyectoLibreria\ProyectoLibreria.csproj", "{C2E7EA5D-E285-425A-8192-330C67C6BEA4}"
EndProject
Project("{FAE04EC0-301F-11D3-BF4B-00C04F79EFBC}") = "ProyectoLibreria_Venta", "ProyectoLibreria_Venta\ProyectoLibreria_Venta.csproj", "{43A29BA6-69C2-4F75-B668-EC16B06296BC}"
EndProject
Project("{FAE04EC0-301F-11D3-BF4B-00C04F79EFBC}") = "Librerias", "Librerias\Librerias.csproj", "{E8205FB8-5243-4E81-A582-E0DAE1AD0359}"
EndProject
Global
	GlobalSection(SolutionConfigurationPlatforms) = preSolution
		Debug|Any CPU = Debug|Any CPU
		Release|Any CPU = Release|Any CPU
	EndGlobalSection
	GlobalSection(ProjectConfigurationPlatforms) = postSolution
		{C2E7EA5D-E285-425A-8192-330C67C6BEA4}.Debug|Any CPU.ActiveCfg = Debug|Any CPU
		{C2E7EA5D-E285-425A-8192-330C67C6BEA4}.Debug|Any CPU.Build.0 = Debug|Any CPU
		{C2E7EA5D-E285-425A-8192-330C67C6BEA4}.Release|Any CPU.ActiveCfg = Release|Any CPU
		{C2E7EA5D-E285-425A-8192-330C67C6BEA4}.Release|Any CPU.Build.0 = Release|Any CPU
		{43A29BA6-69C2-4F75-B668-EC16B06296BC}.Debug|Any CPU.ActiveCfg = Debug|Any CPU
		{43A29BA6-69C2-4F75-B668-EC16B06296BC}.Debug|Any CPU.Build.0 = Debug|Any CPU
		{43A29BA6-69C2-4F75-B668-EC16B06296BC}.Release|Any CPU.ActiveCfg = Release|Any CPU
		{43A29BA6-69C2-4F75-B668-EC16B06296BC}.Release|Any CPU.Build.0 = Release|Any CPU
		{E8205FB8-5243-4E81-A582-E0DAE1AD0359}.Debug|Any CPU.ActiveCfg = Debug|Any CPU
		{E8205FB8-5243-4E81-A582-E0DAE1AD0359}.Debug|Any CPU.Build.0 = Debug|Any CPU
		{E8205FB8-5243-4E81-A582-E0DAE1AD0359}.Release|Any CPU.ActiveCfg = Release|Any CPU
		{E8205FB8-5243-4E81-A582-E0DAE1AD0359}.Release|Any CPU.Build.0 = Release|Any CPU
	EndGlobalSection
	GlobalSection(SolutionProperties) = preSolution
		HideSolutionNode = FALSE
	EndGlobalSection
EndGlobal
